
Microsoft Visual Studio Solution File, Format Version 12.00
# Visual Studio Version 17
VisualStudioVersion = 17.8.34322.80
MinimumVisualStudioVersion = 10.0.40219.1
Project("{FAE04EC0-301F-11D3-BF4B-00C04F79EFBC}") = "BankingSystemDesign", "Homework_1\BankingSystemDesign.csproj", "{D0B28877-FC62-4339-85A7-BC15AB613330}"
EndProject
Project("{FAE04EC0-301F-11D3-BF4B-00C04F79EFBC}") = "GenericsOperationsUtility", "ConsoleApp1\GenericsOperationsUtility.csproj", "{1B5CEA93-C7DE-4B13-B7DF-985A53034368}"
EndProject
Global
	GlobalSection(SolutionConfigurationPlatforms) = preSolution
		Debug|Any CPU = Debug|Any CPU
		Release|Any CPU = Release|Any CPU
	EndGlobalSection
	GlobalSection(ProjectConfigurationPlatforms) = postSolution
		{D0B28877-FC62-4339-85A7-BC15AB613330}.Debug|Any CPU.ActiveCfg = Debug|Any CPU
		{D0B28877-FC62-4339-85A7-BC15AB613330}.Debug|Any CPU.Build.0 = Debug|Any CPU
		{D0B28877-FC62-4339-85A7-BC15AB613330}.Release|Any CPU.ActiveCfg = Release|Any CPU
		{D0B28877-FC62-4339-85A7-BC15AB613330}.Release|Any CPU.Build.0 = Release|Any CPU
		{1B5CEA93-C7DE-4B13-B7DF-985A53034368}.Debug|Any CPU.ActiveCfg = Debug|Any CPU
		{1B5CEA93-C7DE-4B13-B7DF-985A53034368}.Debug|Any CPU.Build.0 = Debug|Any CPU
		{1B5CEA93-C7DE-4B13-B7DF-985A53034368}.Release|Any CPU.ActiveCfg = Release|Any CPU
		{1B5CEA93-C7DE-4B13-B7DF-985A53034368}.Release|Any CPU.Build.0 = Release|Any CPU
	EndGlobalSection
	GlobalSection(SolutionProperties) = preSolution
		HideSolutionNode = FALSE
	EndGlobalSection
	GlobalSection(ExtensibilityGlobals) = postSolution
		SolutionGuid = {504732A3-062D-4AFE-88F4-D8B440A5F210}
	EndGlobalSection
EndGlobal
