
Microsoft Visual Studio Solution File, Format Version 12.00
# Visual Studio Version 17
VisualStudioVersion = 17.8.34322.80
MinimumVisualStudioVersion = 10.0.40219.1
Project("{FAE04EC0-301F-11D3-BF4B-00C04F79EFBC}") = "EmployeeManagementSystem", "EmployeeManagementSystem\EmployeeManagementSystem.csproj", "{DF4049A9-7AB5-4853-951C-F5CD03F9577F}"
EndProject
Global
	GlobalSection(SolutionConfigurationPlatforms) = preSolution
		Debug|Any CPU = Debug|Any CPU
		Release|Any CPU = Release|Any CPU
	EndGlobalSection
	GlobalSection(ProjectConfigurationPlatforms) = postSolution
		{DF4049A9-7AB5-4853-951C-F5CD03F9577F}.Debug|Any CPU.ActiveCfg = Debug|Any CPU
		{DF4049A9-7AB5-4853-951C-F5CD03F9577F}.Debug|Any CPU.Build.0 = Debug|Any CPU
		{DF4049A9-7AB5-4853-951C-F5CD03F9577F}.Release|Any CPU.ActiveCfg = Release|Any CPU
		{DF4049A9-7AB5-4853-951C-F5CD03F9577F}.Release|Any CPU.Build.0 = Release|Any CPU
	EndGlobalSection
	GlobalSection(SolutionProperties) = preSolution
		HideSolutionNode = FALSE
	EndGlobalSection
	GlobalSection(ExtensibilityGlobals) = postSolution
		SolutionGuid = {EE76A588-F08D-4AD3-BBA0-3CBCF9ECE555}
	EndGlobalSection
EndGlobal
